
Microsoft Visual Studio Solution File, Format Version 12.00
# Visual Studio Version 17
VisualStudioVersion = 17.3.32804.467
MinimumVisualStudioVersion = 10.0.40219.1
Project("{2150E333-8FDC-42A3-9474-1A3956D46DE8}") = "src", "src", "{6026BE0F-0590-47D9-A911-75F3968C6E03}"
EndProject
Project("{2150E333-8FDC-42A3-9474-1A3956D46DE8}") = "IdentityServer", "IdentityServer", "{EB6F0AD9-F0F8-457D-8D7C-DA459CF1BCA8}"
EndProject
Project("{2150E333-8FDC-42A3-9474-1A3956D46DE8}") = "src", "src", "{F5727180-813E-42B9-B0A3-5F3442D1C033}"
EndProject
Project("{9A19103F-16F7-4668-BE54-9A1E7A4F7556}") = "IdentityServer.Core", "src\IdentityServer\src\Core\IdentityServer.Core.csproj", "{6BB33CC8-4D5B-4FCE-85F7-BEB0E9D9AA4F}"
EndProject
Project("{9A19103F-16F7-4668-BE54-9A1E7A4F7556}") = "IdentityServer.Infrastructure", "src\IdentityServer\src\Infrastructure\IdentityServer.Infrastructure.csproj", "{25F0F5D4-52FC-42B5-B27A-A6C3A2261A39}"
EndProject
Project("{9A19103F-16F7-4668-BE54-9A1E7A4F7556}") = "IdentityServer.Infrastructure.SqlServer", "src\IdentityServer\src\Infrastructure.SqlServer\IdentityServer.Infrastructure.SqlServer.csproj", "{95A2763C-8822-472D-B3B1-B4B47E74B7A6}"
EndProject
Project("{9A19103F-16F7-4668-BE54-9A1E7A4F7556}") = "IdentityServer.UI", "src\IdentityServer\src\UI\IdentityServer.UI.csproj", "{120126BF-6BFD-487D-B0DE-1C9214F206F8}"
EndProject
Project("{2150E333-8FDC-42A3-9474-1A3956D46DE8}") = "tests", "tests", "{19EE67D9-09A3-44E3-9226-62D97D65EEA8}"
EndProject
Project("{9A19103F-16F7-4668-BE54-9A1E7A4F7556}") = "IdentityServer.IntegratedTest", "src\IdentityServer\tests\IntegratedTest\IdentityServer.IntegratedTest.csproj", "{FFE02D81-AAF7-4B25-A99F-761758369081}"
EndProject
Project("{9A19103F-16F7-4668-BE54-9A1E7A4F7556}") = "IdentityServer.UnitTest", "src\IdentityServer\tests\UnitTest\IdentityServer.UnitTest.csproj", "{00203CEB-E793-4BD8-A8FC-D3C07E2110A3}"
EndProject
Project("{9A19103F-16F7-4668-BE54-9A1E7A4F7556}") = "IdentityServer.Infrastructure.PostgreSql", "src\IdentityServer\src\Infrastructure.PostgreSql\IdentityServer.Infrastructure.PostgreSql.csproj", "{68DC0BE0-CAEB-4F8C-A647-74095CC28234}"
EndProject
Project("{2150E333-8FDC-42A3-9474-1A3956D46DE8}") = "DemoApp", "DemoApp", "{EFD7C9F3-43B5-43F6-BEBF-DEBF63A7D427}"
EndProject
Project("{2150E333-8FDC-42A3-9474-1A3956D46DE8}") = "src", "src", "{47BBD090-C247-440F-9A28-A7A48E9DEAAB}"
EndProject
Project("{9A19103F-16F7-4668-BE54-9A1E7A4F7556}") = "DemoApp.Api", "src\DemoApp\src\Api\DemoApp.Api.csproj", "{98F4919E-5370-4EC5-B59F-35955E0290B4}"
EndProject
Project("{9A19103F-16F7-4668-BE54-9A1E7A4F7556}") = "DemoApp.Core", "src\DemoApp\src\Core\DemoApp.Core.csproj", "{A167A727-3791-4CF1-8608-513A3C6C3CE6}"
EndProject
Project("{9A19103F-16F7-4668-BE54-9A1E7A4F7556}") = "DemoApp.Infrastructure", "src\DemoApp\src\Infrastructure\DemoApp.Infrastructure.csproj", "{599D4EEA-6CDC-4444-AC7A-F43FC3B915BB}"
EndProject
Project("{9A19103F-16F7-4668-BE54-9A1E7A4F7556}") = "DemoApp.Infrastructure.PostgreSql", "src\DemoApp\src\Infrastructure.PostgreSql\DemoApp.Infrastructure.PostgreSql.csproj", "{3D081357-5AC8-4FA9-93AB-FC5DE6FA360E}"
EndProject
Project("{9A19103F-16F7-4668-BE54-9A1E7A4F7556}") = "DemoApp.Web", "src\DemoApp\src\Web\DemoApp.Web.csproj", "{BA7D6EC6-1027-48E9-8832-6C27A3E449AA}"
EndProject
Project("{2150E333-8FDC-42A3-9474-1A3956D46DE8}") = "tests", "tests", "{3EFC7050-CA3F-4CBF-8BC0-8F42757F093A}"
EndProject
Project("{9A19103F-16F7-4668-BE54-9A1E7A4F7556}") = "DemoApp.IntegratedTest", "src\DemoApp\tests\IntegratedTest\DemoApp.IntegratedTest.csproj", "{AF4E6B03-DBEF-4B51-9A01-E4DA00D359A6}"
EndProject
Project("{9A19103F-16F7-4668-BE54-9A1E7A4F7556}") = "DemoApp.UnitTest", "src\DemoApp\tests\UnitTest\DemoApp.UnitTest.csproj", "{2026A6B4-E1EC-43E4-BABE-B87C4545A0B8}"
EndProject
Project("{2150E333-8FDC-42A3-9474-1A3956D46DE8}") = "Solution Items", "Solution Items", "{1C536A0B-ABE2-43A5-9496-D13A4977B669}"
	ProjectSection(SolutionItems) = preProject
		.editorconfig = .editorconfig
	EndProjectSection
EndProject
Global
	GlobalSection(SolutionConfigurationPlatforms) = preSolution
		Debug|Any CPU = Debug|Any CPU
		Debug|x64 = Debug|x64
		Debug|x86 = Debug|x86
		Release|Any CPU = Release|Any CPU
		Release|x64 = Release|x64
		Release|x86 = Release|x86
	EndGlobalSection
	GlobalSection(ProjectConfigurationPlatforms) = postSolution
		{6BB33CC8-4D5B-4FCE-85F7-BEB0E9D9AA4F}.Debug|Any CPU.ActiveCfg = Debug|Any CPU
		{6BB33CC8-4D5B-4FCE-85F7-BEB0E9D9AA4F}.Debug|Any CPU.Build.0 = Debug|Any CPU
		{6BB33CC8-4D5B-4FCE-85F7-BEB0E9D9AA4F}.Debug|x64.ActiveCfg = Debug|Any CPU
		{6BB33CC8-4D5B-4FCE-85F7-BEB0E9D9AA4F}.Debug|x64.Build.0 = Debug|Any CPU
		{6BB33CC8-4D5B-4FCE-85F7-BEB0E9D9AA4F}.Debug|x86.ActiveCfg = Debug|Any CPU
		{6BB33CC8-4D5B-4FCE-85F7-BEB0E9D9AA4F}.Debug|x86.Build.0 = Debug|Any CPU
		{6BB33CC8-4D5B-4FCE-85F7-BEB0E9D9AA4F}.Release|Any CPU.ActiveCfg = Release|Any CPU
		{6BB33CC8-4D5B-4FCE-85F7-BEB0E9D9AA4F}.Release|Any CPU.Build.0 = Release|Any CPU
		{6BB33CC8-4D5B-4FCE-85F7-BEB0E9D9AA4F}.Release|x64.ActiveCfg = Release|Any CPU
		{6BB33CC8-4D5B-4FCE-85F7-BEB0E9D9AA4F}.Release|x64.Build.0 = Release|Any CPU
		{6BB33CC8-4D5B-4FCE-85F7-BEB0E9D9AA4F}.Release|x86.ActiveCfg = Release|Any CPU
		{6BB33CC8-4D5B-4FCE-85F7-BEB0E9D9AA4F}.Release|x86.Build.0 = Release|Any CPU
		{25F0F5D4-52FC-42B5-B27A-A6C3A2261A39}.Debug|Any CPU.ActiveCfg = Debug|Any CPU
		{25F0F5D4-52FC-42B5-B27A-A6C3A2261A39}.Debug|Any CPU.Build.0 = Debug|Any CPU
		{25F0F5D4-52FC-42B5-B27A-A6C3A2261A39}.Debug|x64.ActiveCfg = Debug|Any CPU
		{25F0F5D4-52FC-42B5-B27A-A6C3A2261A39}.Debug|x64.Build.0 = Debug|Any CPU
		{25F0F5D4-52FC-42B5-B27A-A6C3A2261A39}.Debug|x86.ActiveCfg = Debug|Any CPU
		{25F0F5D4-52FC-42B5-B27A-A6C3A2261A39}.Debug|x86.Build.0 = Debug|Any CPU
		{25F0F5D4-52FC-42B5-B27A-A6C3A2261A39}.Release|Any CPU.ActiveCfg = Release|Any CPU
		{25F0F5D4-52FC-42B5-B27A-A6C3A2261A39}.Release|Any CPU.Build.0 = Release|Any CPU
		{25F0F5D4-52FC-42B5-B27A-A6C3A2261A39}.Release|x64.ActiveCfg = Release|Any CPU
		{25F0F5D4-52FC-42B5-B27A-A6C3A2261A39}.Release|x64.Build.0 = Release|Any CPU
		{25F0F5D4-52FC-42B5-B27A-A6C3A2261A39}.Release|x86.ActiveCfg = Release|Any CPU
		{25F0F5D4-52FC-42B5-B27A-A6C3A2261A39}.Release|x86.Build.0 = Release|Any CPU
		{95A2763C-8822-472D-B3B1-B4B47E74B7A6}.Debug|Any CPU.ActiveCfg = Debug|Any CPU
		{95A2763C-8822-472D-B3B1-B4B47E74B7A6}.Debug|Any CPU.Build.0 = Debug|Any CPU
		{95A2763C-8822-472D-B3B1-B4B47E74B7A6}.Debug|x64.ActiveCfg = Debug|Any CPU
		{95A2763C-8822-472D-B3B1-B4B47E74B7A6}.Debug|x64.Build.0 = Debug|Any CPU
		{95A2763C-8822-472D-B3B1-B4B47E74B7A6}.Debug|x86.ActiveCfg = Debug|Any CPU
		{95A2763C-8822-472D-B3B1-B4B47E74B7A6}.Debug|x86.Build.0 = Debug|Any CPU
		{95A2763C-8822-472D-B3B1-B4B47E74B7A6}.Release|Any CPU.ActiveCfg = Release|Any CPU
		{95A2763C-8822-472D-B3B1-B4B47E74B7A6}.Release|Any CPU.Build.0 = Release|Any CPU
		{95A2763C-8822-472D-B3B1-B4B47E74B7A6}.Release|x64.ActiveCfg = Release|Any CPU
		{95A2763C-8822-472D-B3B1-B4B47E74B7A6}.Release|x64.Build.0 = Release|Any CPU
		{95A2763C-8822-472D-B3B1-B4B47E74B7A6}.Release|x86.ActiveCfg = Release|Any CPU
		{95A2763C-8822-472D-B3B1-B4B47E74B7A6}.Release|x86.Build.0 = Release|Any CPU
		{120126BF-6BFD-487D-B0DE-1C9214F206F8}.Debug|Any CPU.ActiveCfg = Debug|Any CPU
		{120126BF-6BFD-487D-B0DE-1C9214F206F8}.Debug|Any CPU.Build.0 = Debug|Any CPU
		{120126BF-6BFD-487D-B0DE-1C9214F206F8}.Debug|x64.ActiveCfg = Debug|Any CPU
		{120126BF-6BFD-487D-B0DE-1C9214F206F8}.Debug|x64.Build.0 = Debug|Any CPU
		{120126BF-6BFD-487D-B0DE-1C9214F206F8}.Debug|x86.ActiveCfg = Debug|Any CPU
		{120126BF-6BFD-487D-B0DE-1C9214F206F8}.Debug|x86.Build.0 = Debug|Any CPU
		{120126BF-6BFD-487D-B0DE-1C9214F206F8}.Release|Any CPU.ActiveCfg = Release|Any CPU
		{120126BF-6BFD-487D-B0DE-1C9214F206F8}.Release|Any CPU.Build.0 = Release|Any CPU
		{120126BF-6BFD-487D-B0DE-1C9214F206F8}.Release|x64.ActiveCfg = Release|Any CPU
		{120126BF-6BFD-487D-B0DE-1C9214F206F8}.Release|x64.Build.0 = Release|Any CPU
		{120126BF-6BFD-487D-B0DE-1C9214F206F8}.Release|x86.ActiveCfg = Release|Any CPU
		{120126BF-6BFD-487D-B0DE-1C9214F206F8}.Release|x86.Build.0 = Release|Any CPU
		{FFE02D81-AAF7-4B25-A99F-761758369081}.Debug|Any CPU.ActiveCfg = Debug|Any CPU
		{FFE02D81-AAF7-4B25-A99F-761758369081}.Debug|Any CPU.Build.0 = Debug|Any CPU
		{FFE02D81-AAF7-4B25-A99F-761758369081}.Debug|x64.ActiveCfg = Debug|Any CPU
		{FFE02D81-AAF7-4B25-A99F-761758369081}.Debug|x64.Build.0 = Debug|Any CPU
		{FFE02D81-AAF7-4B25-A99F-761758369081}.Debug|x86.ActiveCfg = Debug|Any CPU
		{FFE02D81-AAF7-4B25-A99F-761758369081}.Debug|x86.Build.0 = Debug|Any CPU
		{FFE02D81-AAF7-4B25-A99F-761758369081}.Release|Any CPU.ActiveCfg = Release|Any CPU
		{FFE02D81-AAF7-4B25-A99F-761758369081}.Release|Any CPU.Build.0 = Release|Any CPU
		{FFE02D81-AAF7-4B25-A99F-761758369081}.Release|x64.ActiveCfg = Release|Any CPU
		{FFE02D81-AAF7-4B25-A99F-761758369081}.Release|x64.Build.0 = Release|Any CPU
		{FFE02D81-AAF7-4B25-A99F-761758369081}.Release|x86.ActiveCfg = Release|Any CPU
		{FFE02D81-AAF7-4B25-A99F-761758369081}.Release|x86.Build.0 = Release|Any CPU
		{00203CEB-E793-4BD8-A8FC-D3C07E2110A3}.Debug|Any CPU.ActiveCfg = Debug|Any CPU
		{00203CEB-E793-4BD8-A8FC-D3C07E2110A3}.Debug|Any CPU.Build.0 = Debug|Any CPU
		{00203CEB-E793-4BD8-A8FC-D3C07E2110A3}.Debug|x64.ActiveCfg = Debug|Any CPU
		{00203CEB-E793-4BD8-A8FC-D3C07E2110A3}.Debug|x64.Build.0 = Debug|Any CPU
		{00203CEB-E793-4BD8-A8FC-D3C07E2110A3}.Debug|x86.ActiveCfg = Debug|Any CPU
		{00203CEB-E793-4BD8-A8FC-D3C07E2110A3}.Debug|x86.Build.0 = Debug|Any CPU
		{00203CEB-E793-4BD8-A8FC-D3C07E2110A3}.Release|Any CPU.ActiveCfg = Release|Any CPU
		{00203CEB-E793-4BD8-A8FC-D3C07E2110A3}.Release|Any CPU.Build.0 = Release|Any CPU
		{00203CEB-E793-4BD8-A8FC-D3C07E2110A3}.Release|x64.ActiveCfg = Release|Any CPU
		{00203CEB-E793-4BD8-A8FC-D3C07E2110A3}.Release|x64.Build.0 = Release|Any CPU
		{00203CEB-E793-4BD8-A8FC-D3C07E2110A3}.Release|x86.ActiveCfg = Release|Any CPU
		{00203CEB-E793-4BD8-A8FC-D3C07E2110A3}.Release|x86.Build.0 = Release|Any CPU
		{68DC0BE0-CAEB-4F8C-A647-74095CC28234}.Debug|Any CPU.ActiveCfg = Debug|Any CPU
		{68DC0BE0-CAEB-4F8C-A647-74095CC28234}.Debug|Any CPU.Build.0 = Debug|Any CPU
		{68DC0BE0-CAEB-4F8C-A647-74095CC28234}.Debug|x64.ActiveCfg = Debug|Any CPU
		{68DC0BE0-CAEB-4F8C-A647-74095CC28234}.Debug|x64.Build.0 = Debug|Any CPU
		{68DC0BE0-CAEB-4F8C-A647-74095CC28234}.Debug|x86.ActiveCfg = Debug|Any CPU
		{68DC0BE0-CAEB-4F8C-A647-74095CC28234}.Debug|x86.Build.0 = Debug|Any CPU
		{68DC0BE0-CAEB-4F8C-A647-74095CC28234}.Release|Any CPU.ActiveCfg = Release|Any CPU
		{68DC0BE0-CAEB-4F8C-A647-74095CC28234}.Release|Any CPU.Build.0 = Release|Any CPU
		{68DC0BE0-CAEB-4F8C-A647-74095CC28234}.Release|x64.ActiveCfg = Release|Any CPU
		{68DC0BE0-CAEB-4F8C-A647-74095CC28234}.Release|x64.Build.0 = Release|Any CPU
		{68DC0BE0-CAEB-4F8C-A647-74095CC28234}.Release|x86.ActiveCfg = Release|Any CPU
		{68DC0BE0-CAEB-4F8C-A647-74095CC28234}.Release|x86.Build.0 = Release|Any CPU
		{98F4919E-5370-4EC5-B59F-35955E0290B4}.Debug|Any CPU.ActiveCfg = Debug|Any CPU
		{98F4919E-5370-4EC5-B59F-35955E0290B4}.Debug|Any CPU.Build.0 = Debug|Any CPU
		{98F4919E-5370-4EC5-B59F-35955E0290B4}.Debug|x64.ActiveCfg = Debug|Any CPU
		{98F4919E-5370-4EC5-B59F-35955E0290B4}.Debug|x64.Build.0 = Debug|Any CPU
		{98F4919E-5370-4EC5-B59F-35955E0290B4}.Debug|x86.ActiveCfg = Debug|Any CPU
		{98F4919E-5370-4EC5-B59F-35955E0290B4}.Debug|x86.Build.0 = Debug|Any CPU
		{98F4919E-5370-4EC5-B59F-35955E0290B4}.Release|Any CPU.ActiveCfg = Release|Any CPU
		{98F4919E-5370-4EC5-B59F-35955E0290B4}.Release|Any CPU.Build.0 = Release|Any CPU
		{98F4919E-5370-4EC5-B59F-35955E0290B4}.Release|x64.ActiveCfg = Release|Any CPU
		{98F4919E-5370-4EC5-B59F-35955E0290B4}.Release|x64.Build.0 = Release|Any CPU
		{98F4919E-5370-4EC5-B59F-35955E0290B4}.Release|x86.ActiveCfg = Release|Any CPU
		{98F4919E-5370-4EC5-B59F-35955E0290B4}.Release|x86.Build.0 = Release|Any CPU
		{A167A727-3791-4CF1-8608-513A3C6C3CE6}.Debug|Any CPU.ActiveCfg = Debug|Any CPU
		{A167A727-3791-4CF1-8608-513A3C6C3CE6}.Debug|Any CPU.Build.0 = Debug|Any CPU
		{A167A727-3791-4CF1-8608-513A3C6C3CE6}.Debug|x64.ActiveCfg = Debug|Any CPU
		{A167A727-3791-4CF1-8608-513A3C6C3CE6}.Debug|x64.Build.0 = Debug|Any CPU
		{A167A727-3791-4CF1-8608-513A3C6C3CE6}.Debug|x86.ActiveCfg = Debug|Any CPU
		{A167A727-3791-4CF1-8608-513A3C6C3CE6}.Debug|x86.Build.0 = Debug|Any CPU
		{A167A727-3791-4CF1-8608-513A3C6C3CE6}.Release|Any CPU.ActiveCfg = Release|Any CPU
		{A167A727-3791-4CF1-8608-513A3C6C3CE6}.Release|Any CPU.Build.0 = Release|Any CPU
		{A167A727-3791-4CF1-8608-513A3C6C3CE6}.Release|x64.ActiveCfg = Release|Any CPU
		{A167A727-3791-4CF1-8608-513A3C6C3CE6}.Release|x64.Build.0 = Release|Any CPU
		{A167A727-3791-4CF1-8608-513A3C6C3CE6}.Release|x86.ActiveCfg = Release|Any CPU
		{A167A727-3791-4CF1-8608-513A3C6C3CE6}.Release|x86.Build.0 = Release|Any CPU
		{599D4EEA-6CDC-4444-AC7A-F43FC3B915BB}.Debug|Any CPU.ActiveCfg = Debug|Any CPU
		{599D4EEA-6CDC-4444-AC7A-F43FC3B915BB}.Debug|Any CPU.Build.0 = Debug|Any CPU
		{599D4EEA-6CDC-4444-AC7A-F43FC3B915BB}.Debug|x64.ActiveCfg = Debug|Any CPU
		{599D4EEA-6CDC-4444-AC7A-F43FC3B915BB}.Debug|x64.Build.0 = Debug|Any CPU
		{599D4EEA-6CDC-4444-AC7A-F43FC3B915BB}.Debug|x86.ActiveCfg = Debug|Any CPU
		{599D4EEA-6CDC-4444-AC7A-F43FC3B915BB}.Debug|x86.Build.0 = Debug|Any CPU
		{599D4EEA-6CDC-4444-AC7A-F43FC3B915BB}.Release|Any CPU.ActiveCfg = Release|Any CPU
		{599D4EEA-6CDC-4444-AC7A-F43FC3B915BB}.Release|Any CPU.Build.0 = Release|Any CPU
		{599D4EEA-6CDC-4444-AC7A-F43FC3B915BB}.Release|x64.ActiveCfg = Release|Any CPU
		{599D4EEA-6CDC-4444-AC7A-F43FC3B915BB}.Release|x64.Build.0 = Release|Any CPU
		{599D4EEA-6CDC-4444-AC7A-F43FC3B915BB}.Release|x86.ActiveCfg = Release|Any CPU
		{599D4EEA-6CDC-4444-AC7A-F43FC3B915BB}.Release|x86.Build.0 = Release|Any CPU
		{3D081357-5AC8-4FA9-93AB-FC5DE6FA360E}.Debug|Any CPU.ActiveCfg = Debug|Any CPU
		{3D081357-5AC8-4FA9-93AB-FC5DE6FA360E}.Debug|Any CPU.Build.0 = Debug|Any CPU
		{3D081357-5AC8-4FA9-93AB-FC5DE6FA360E}.Debug|x64.ActiveCfg = Debug|Any CPU
		{3D081357-5AC8-4FA9-93AB-FC5DE6FA360E}.Debug|x64.Build.0 = Debug|Any CPU
		{3D081357-5AC8-4FA9-93AB-FC5DE6FA360E}.Debug|x86.ActiveCfg = Debug|Any CPU
		{3D081357-5AC8-4FA9-93AB-FC5DE6FA360E}.Debug|x86.Build.0 = Debug|Any CPU
		{3D081357-5AC8-4FA9-93AB-FC5DE6FA360E}.Release|Any CPU.ActiveCfg = Release|Any CPU
		{3D081357-5AC8-4FA9-93AB-FC5DE6FA360E}.Release|Any CPU.Build.0 = Release|Any CPU
		{3D081357-5AC8-4FA9-93AB-FC5DE6FA360E}.Release|x64.ActiveCfg = Release|Any CPU
		{3D081357-5AC8-4FA9-93AB-FC5DE6FA360E}.Release|x64.Build.0 = Release|Any CPU
		{3D081357-5AC8-4FA9-93AB-FC5DE6FA360E}.Release|x86.ActiveCfg = Release|Any CPU
		{3D081357-5AC8-4FA9-93AB-FC5DE6FA360E}.Release|x86.Build.0 = Release|Any CPU
		{BA7D6EC6-1027-48E9-8832-6C27A3E449AA}.Debug|Any CPU.ActiveCfg = Debug|Any CPU
		{BA7D6EC6-1027-48E9-8832-6C27A3E449AA}.Debug|Any CPU.Build.0 = Debug|Any CPU
		{BA7D6EC6-1027-48E9-8832-6C27A3E449AA}.Debug|x64.ActiveCfg = Debug|Any CPU
		{BA7D6EC6-1027-48E9-8832-6C27A3E449AA}.Debug|x64.Build.0 = Debug|Any CPU
		{BA7D6EC6-1027-48E9-8832-6C27A3E449AA}.Debug|x86.ActiveCfg = Debug|Any CPU
		{BA7D6EC6-1027-48E9-8832-6C27A3E449AA}.Debug|x86.Build.0 = Debug|Any CPU
		{BA7D6EC6-1027-48E9-8832-6C27A3E449AA}.Release|Any CPU.ActiveCfg = Release|Any CPU
		{BA7D6EC6-1027-48E9-8832-6C27A3E449AA}.Release|Any CPU.Build.0 = Release|Any CPU
		{BA7D6EC6-1027-48E9-8832-6C27A3E449AA}.Release|x64.ActiveCfg = Release|Any CPU
		{BA7D6EC6-1027-48E9-8832-6C27A3E449AA}.Release|x64.Build.0 = Release|Any CPU
		{BA7D6EC6-1027-48E9-8832-6C27A3E449AA}.Release|x86.ActiveCfg = Release|Any CPU
		{BA7D6EC6-1027-48E9-8832-6C27A3E449AA}.Release|x86.Build.0 = Release|Any CPU
		{AF4E6B03-DBEF-4B51-9A01-E4DA00D359A6}.Debug|Any CPU.ActiveCfg = Debug|Any CPU
		{AF4E6B03-DBEF-4B51-9A01-E4DA00D359A6}.Debug|Any CPU.Build.0 = Debug|Any CPU
		{AF4E6B03-DBEF-4B51-9A01-E4DA00D359A6}.Debug|x64.ActiveCfg = Debug|Any CPU
		{AF4E6B03-DBEF-4B51-9A01-E4DA00D359A6}.Debug|x64.Build.0 = Debug|Any CPU
		{AF4E6B03-DBEF-4B51-9A01-E4DA00D359A6}.Debug|x86.ActiveCfg = Debug|Any CPU
		{AF4E6B03-DBEF-4B51-9A01-E4DA00D359A6}.Debug|x86.Build.0 = Debug|Any CPU
		{AF4E6B03-DBEF-4B51-9A01-E4DA00D359A6}.Release|Any CPU.ActiveCfg = Release|Any CPU
		{AF4E6B03-DBEF-4B51-9A01-E4DA00D359A6}.Release|Any CPU.Build.0 = Release|Any CPU
		{AF4E6B03-DBEF-4B51-9A01-E4DA00D359A6}.Release|x64.ActiveCfg = Release|Any CPU
		{AF4E6B03-DBEF-4B51-9A01-E4DA00D359A6}.Release|x64.Build.0 = Release|Any CPU
		{AF4E6B03-DBEF-4B51-9A01-E4DA00D359A6}.Release|x86.ActiveCfg = Release|Any CPU
		{AF4E6B03-DBEF-4B51-9A01-E4DA00D359A6}.Release|x86.Build.0 = Release|Any CPU
		{2026A6B4-E1EC-43E4-BABE-B87C4545A0B8}.Debug|Any CPU.ActiveCfg = Debug|Any CPU
		{2026A6B4-E1EC-43E4-BABE-B87C4545A0B8}.Debug|Any CPU.Build.0 = Debug|Any CPU
		{2026A6B4-E1EC-43E4-BABE-B87C4545A0B8}.Debug|x64.ActiveCfg = Debug|Any CPU
		{2026A6B4-E1EC-43E4-BABE-B87C4545A0B8}.Debug|x64.Build.0 = Debug|Any CPU
		{2026A6B4-E1EC-43E4-BABE-B87C4545A0B8}.Debug|x86.ActiveCfg = Debug|Any CPU
		{2026A6B4-E1EC-43E4-BABE-B87C4545A0B8}.Debug|x86.Build.0 = Debug|Any CPU
		{2026A6B4-E1EC-43E4-BABE-B87C4545A0B8}.Release|Any CPU.ActiveCfg = Release|Any CPU
		{2026A6B4-E1EC-43E4-BABE-B87C4545A0B8}.Release|Any CPU.Build.0 = Release|Any CPU
		{2026A6B4-E1EC-43E4-BABE-B87C4545A0B8}.Release|x64.ActiveCfg = Release|Any CPU
		{2026A6B4-E1EC-43E4-BABE-B87C4545A0B8}.Release|x64.Build.0 = Release|Any CPU
		{2026A6B4-E1EC-43E4-BABE-B87C4545A0B8}.Release|x86.ActiveCfg = Release|Any CPU
		{2026A6B4-E1EC-43E4-BABE-B87C4545A0B8}.Release|x86.Build.0 = Release|Any CPU
	EndGlobalSection
	GlobalSection(SolutionProperties) = preSolution
		HideSolutionNode = FALSE
	EndGlobalSection
	GlobalSection(NestedProjects) = preSolution
		{EB6F0AD9-F0F8-457D-8D7C-DA459CF1BCA8} = {6026BE0F-0590-47D9-A911-75F3968C6E03}
		{F5727180-813E-42B9-B0A3-5F3442D1C033} = {EB6F0AD9-F0F8-457D-8D7C-DA459CF1BCA8}
		{6BB33CC8-4D5B-4FCE-85F7-BEB0E9D9AA4F} = {F5727180-813E-42B9-B0A3-5F3442D1C033}
		{25F0F5D4-52FC-42B5-B27A-A6C3A2261A39} = {F5727180-813E-42B9-B0A3-5F3442D1C033}
		{95A2763C-8822-472D-B3B1-B4B47E74B7A6} = {F5727180-813E-42B9-B0A3-5F3442D1C033}
		{120126BF-6BFD-487D-B0DE-1C9214F206F8} = {F5727180-813E-42B9-B0A3-5F3442D1C033}
		{19EE67D9-09A3-44E3-9226-62D97D65EEA8} = {EB6F0AD9-F0F8-457D-8D7C-DA459CF1BCA8}
		{FFE02D81-AAF7-4B25-A99F-761758369081} = {19EE67D9-09A3-44E3-9226-62D97D65EEA8}
		{00203CEB-E793-4BD8-A8FC-D3C07E2110A3} = {19EE67D9-09A3-44E3-9226-62D97D65EEA8}
		{68DC0BE0-CAEB-4F8C-A647-74095CC28234} = {F5727180-813E-42B9-B0A3-5F3442D1C033}
		{EFD7C9F3-43B5-43F6-BEBF-DEBF63A7D427} = {6026BE0F-0590-47D9-A911-75F3968C6E03}
		{47BBD090-C247-440F-9A28-A7A48E9DEAAB} = {EFD7C9F3-43B5-43F6-BEBF-DEBF63A7D427}
		{98F4919E-5370-4EC5-B59F-35955E0290B4} = {47BBD090-C247-440F-9A28-A7A48E9DEAAB}
		{A167A727-3791-4CF1-8608-513A3C6C3CE6} = {47BBD090-C247-440F-9A28-A7A48E9DEAAB}
		{599D4EEA-6CDC-4444-AC7A-F43FC3B915BB} = {47BBD090-C247-440F-9A28-A7A48E9DEAAB}
		{3D081357-5AC8-4FA9-93AB-FC5DE6FA360E} = {47BBD090-C247-440F-9A28-A7A48E9DEAAB}
		{BA7D6EC6-1027-48E9-8832-6C27A3E449AA} = {47BBD090-C247-440F-9A28-A7A48E9DEAAB}
		{3EFC7050-CA3F-4CBF-8BC0-8F42757F093A} = {EFD7C9F3-43B5-43F6-BEBF-DEBF63A7D427}
		{AF4E6B03-DBEF-4B51-9A01-E4DA00D359A6} = {3EFC7050-CA3F-4CBF-8BC0-8F42757F093A}
		{2026A6B4-E1EC-43E4-BABE-B87C4545A0B8} = {3EFC7050-CA3F-4CBF-8BC0-8F42757F093A}
	EndGlobalSection
	GlobalSection(ExtensibilityGlobals) = postSolution
		SolutionGuid = {0D2A0DBB-978E-4831-94B6-A3F9C2D66608}
	EndGlobalSection
EndGlobal
