
Microsoft Visual Studio Solution File, Format Version 12.00
# Visual Studio Version 17
VisualStudioVersion = 17.2.32630.192
MinimumVisualStudioVersion = 10.0.40219.1
Project("{2150E333-8FDC-42A3-9474-1A3956D46DE8}") = "src", "src", "{2C1F3553-9B95-43AA-91C1-FEDDC9B6AEEB}"
EndProject
Project("{9A19103F-16F7-4668-BE54-9A1E7A4F7556}") = "Infrastructure", "src\Infrastructure\Infrastructure.csproj", "{8CBA8331-6C61-4862-BFCD-18EBBE5A16E0}"
EndProject
Project("{9A19103F-16F7-4668-BE54-9A1E7A4F7556}") = "Infrastructure.Sqlite", "src\Infrastructure.Sqlite\Infrastructure.Sqlite.csproj", "{41C6463C-8564-4D75-9072-44D0E5662A2E}"
EndProject
Project("{9A19103F-16F7-4668-BE54-9A1E7A4F7556}") = "Infrastructure.PostgreSQL", "src\Infrastructure.PostgreSQL\Infrastructure.PostgreSQL.csproj", "{8FA3324D-87C4-49FC-BE82-18E387EAEBA4}"
EndProject
Project("{2150E333-8FDC-42A3-9474-1A3956D46DE8}") = "IdentityServer", "IdentityServer", "{34D597F4-3687-4708-BC07-7F034A5E43D2}"
EndProject
Project("{9A19103F-16F7-4668-BE54-9A1E7A4F7556}") = "IdentityServer.Core", "src\IdentityServer\Core\IdentityServer.Core.csproj", "{DEB5FD7B-A5CA-4576-B3E0-2677784C0E03}"
EndProject
Project("{9A19103F-16F7-4668-BE54-9A1E7A4F7556}") = "IdentityServer.Infrastructure", "src\IdentityServer\Infrastructure\IdentityServer.Infrastructure.csproj", "{FDF47D0E-6043-43A5-8DBD-55CEA96622AB}"
EndProject
Project("{9A19103F-16F7-4668-BE54-9A1E7A4F7556}") = "IdentityServer.UI", "src\IdentityServer\UI\IdentityServer.UI.csproj", "{912E02A3-CE0F-4C0B-8FE9-3FE3670E9E0B}"
EndProject
Project("{9A19103F-16F7-4668-BE54-9A1E7A4F7556}") = "IdentityServer.Infrastructure.SqlServer.Migrations", "src\IdentityServer\Infrastructure.SqlServer.Migrations\IdentityServer.Infrastructure.SqlServer.Migrations.csproj", "{20D1669A-0A3A-4948-B542-45F04548E052}"
EndProject
Project("{9A19103F-16F7-4668-BE54-9A1E7A4F7556}") = "DemoAPI", "src\DemoAPI\DemoAPI.csproj", "{01B7AD98-2AE7-49D0-B035-E360D2E724C4}"
EndProject
Project("{9A19103F-16F7-4668-BE54-9A1E7A4F7556}") = "DemoMvcClient", "src\DemoMvcClient\DemoMvcClient.csproj", "{D55B1610-B558-447F-9647-A9658E72F95F}"
EndProject
Global
	GlobalSection(SolutionConfigurationPlatforms) = preSolution
		Debug|Any CPU = Debug|Any CPU
		Debug|x64 = Debug|x64
		Debug|x86 = Debug|x86
		Release|Any CPU = Release|Any CPU
		Release|x64 = Release|x64
		Release|x86 = Release|x86
	EndGlobalSection
	GlobalSection(ProjectConfigurationPlatforms) = postSolution
		{8CBA8331-6C61-4862-BFCD-18EBBE5A16E0}.Debug|Any CPU.ActiveCfg = Debug|Any CPU
		{8CBA8331-6C61-4862-BFCD-18EBBE5A16E0}.Debug|Any CPU.Build.0 = Debug|Any CPU
		{8CBA8331-6C61-4862-BFCD-18EBBE5A16E0}.Debug|x64.ActiveCfg = Debug|Any CPU
		{8CBA8331-6C61-4862-BFCD-18EBBE5A16E0}.Debug|x64.Build.0 = Debug|Any CPU
		{8CBA8331-6C61-4862-BFCD-18EBBE5A16E0}.Debug|x86.ActiveCfg = Debug|Any CPU
		{8CBA8331-6C61-4862-BFCD-18EBBE5A16E0}.Debug|x86.Build.0 = Debug|Any CPU
		{8CBA8331-6C61-4862-BFCD-18EBBE5A16E0}.Release|Any CPU.ActiveCfg = Release|Any CPU
		{8CBA8331-6C61-4862-BFCD-18EBBE5A16E0}.Release|Any CPU.Build.0 = Release|Any CPU
		{8CBA8331-6C61-4862-BFCD-18EBBE5A16E0}.Release|x64.ActiveCfg = Release|Any CPU
		{8CBA8331-6C61-4862-BFCD-18EBBE5A16E0}.Release|x64.Build.0 = Release|Any CPU
		{8CBA8331-6C61-4862-BFCD-18EBBE5A16E0}.Release|x86.ActiveCfg = Release|Any CPU
		{8CBA8331-6C61-4862-BFCD-18EBBE5A16E0}.Release|x86.Build.0 = Release|Any CPU
		{41C6463C-8564-4D75-9072-44D0E5662A2E}.Debug|Any CPU.ActiveCfg = Debug|Any CPU
		{41C6463C-8564-4D75-9072-44D0E5662A2E}.Debug|Any CPU.Build.0 = Debug|Any CPU
		{41C6463C-8564-4D75-9072-44D0E5662A2E}.Debug|x64.ActiveCfg = Debug|Any CPU
		{41C6463C-8564-4D75-9072-44D0E5662A2E}.Debug|x64.Build.0 = Debug|Any CPU
		{41C6463C-8564-4D75-9072-44D0E5662A2E}.Debug|x86.ActiveCfg = Debug|Any CPU
		{41C6463C-8564-4D75-9072-44D0E5662A2E}.Debug|x86.Build.0 = Debug|Any CPU
		{41C6463C-8564-4D75-9072-44D0E5662A2E}.Release|Any CPU.ActiveCfg = Release|Any CPU
		{41C6463C-8564-4D75-9072-44D0E5662A2E}.Release|Any CPU.Build.0 = Release|Any CPU
		{41C6463C-8564-4D75-9072-44D0E5662A2E}.Release|x64.ActiveCfg = Release|Any CPU
		{41C6463C-8564-4D75-9072-44D0E5662A2E}.Release|x64.Build.0 = Release|Any CPU
		{41C6463C-8564-4D75-9072-44D0E5662A2E}.Release|x86.ActiveCfg = Release|Any CPU
		{41C6463C-8564-4D75-9072-44D0E5662A2E}.Release|x86.Build.0 = Release|Any CPU
		{8FA3324D-87C4-49FC-BE82-18E387EAEBA4}.Debug|Any CPU.ActiveCfg = Debug|Any CPU
		{8FA3324D-87C4-49FC-BE82-18E387EAEBA4}.Debug|Any CPU.Build.0 = Debug|Any CPU
		{8FA3324D-87C4-49FC-BE82-18E387EAEBA4}.Debug|x64.ActiveCfg = Debug|Any CPU
		{8FA3324D-87C4-49FC-BE82-18E387EAEBA4}.Debug|x64.Build.0 = Debug|Any CPU
		{8FA3324D-87C4-49FC-BE82-18E387EAEBA4}.Debug|x86.ActiveCfg = Debug|Any CPU
		{8FA3324D-87C4-49FC-BE82-18E387EAEBA4}.Debug|x86.Build.0 = Debug|Any CPU
		{8FA3324D-87C4-49FC-BE82-18E387EAEBA4}.Release|Any CPU.ActiveCfg = Release|Any CPU
		{8FA3324D-87C4-49FC-BE82-18E387EAEBA4}.Release|Any CPU.Build.0 = Release|Any CPU
		{8FA3324D-87C4-49FC-BE82-18E387EAEBA4}.Release|x64.ActiveCfg = Release|Any CPU
		{8FA3324D-87C4-49FC-BE82-18E387EAEBA4}.Release|x64.Build.0 = Release|Any CPU
		{8FA3324D-87C4-49FC-BE82-18E387EAEBA4}.Release|x86.ActiveCfg = Release|Any CPU
		{8FA3324D-87C4-49FC-BE82-18E387EAEBA4}.Release|x86.Build.0 = Release|Any CPU
		{DEB5FD7B-A5CA-4576-B3E0-2677784C0E03}.Debug|Any CPU.ActiveCfg = Debug|Any CPU
		{DEB5FD7B-A5CA-4576-B3E0-2677784C0E03}.Debug|Any CPU.Build.0 = Debug|Any CPU
		{DEB5FD7B-A5CA-4576-B3E0-2677784C0E03}.Debug|x64.ActiveCfg = Debug|Any CPU
		{DEB5FD7B-A5CA-4576-B3E0-2677784C0E03}.Debug|x64.Build.0 = Debug|Any CPU
		{DEB5FD7B-A5CA-4576-B3E0-2677784C0E03}.Debug|x86.ActiveCfg = Debug|Any CPU
		{DEB5FD7B-A5CA-4576-B3E0-2677784C0E03}.Debug|x86.Build.0 = Debug|Any CPU
		{DEB5FD7B-A5CA-4576-B3E0-2677784C0E03}.Release|Any CPU.ActiveCfg = Release|Any CPU
		{DEB5FD7B-A5CA-4576-B3E0-2677784C0E03}.Release|Any CPU.Build.0 = Release|Any CPU
		{DEB5FD7B-A5CA-4576-B3E0-2677784C0E03}.Release|x64.ActiveCfg = Release|Any CPU
		{DEB5FD7B-A5CA-4576-B3E0-2677784C0E03}.Release|x64.Build.0 = Release|Any CPU
		{DEB5FD7B-A5CA-4576-B3E0-2677784C0E03}.Release|x86.ActiveCfg = Release|Any CPU
		{DEB5FD7B-A5CA-4576-B3E0-2677784C0E03}.Release|x86.Build.0 = Release|Any CPU
		{FDF47D0E-6043-43A5-8DBD-55CEA96622AB}.Debug|Any CPU.ActiveCfg = Debug|Any CPU
		{FDF47D0E-6043-43A5-8DBD-55CEA96622AB}.Debug|Any CPU.Build.0 = Debug|Any CPU
		{FDF47D0E-6043-43A5-8DBD-55CEA96622AB}.Debug|x64.ActiveCfg = Debug|Any CPU
		{FDF47D0E-6043-43A5-8DBD-55CEA96622AB}.Debug|x64.Build.0 = Debug|Any CPU
		{FDF47D0E-6043-43A5-8DBD-55CEA96622AB}.Debug|x86.ActiveCfg = Debug|Any CPU
		{FDF47D0E-6043-43A5-8DBD-55CEA96622AB}.Debug|x86.Build.0 = Debug|Any CPU
		{FDF47D0E-6043-43A5-8DBD-55CEA96622AB}.Release|Any CPU.ActiveCfg = Release|Any CPU
		{FDF47D0E-6043-43A5-8DBD-55CEA96622AB}.Release|Any CPU.Build.0 = Release|Any CPU
		{FDF47D0E-6043-43A5-8DBD-55CEA96622AB}.Release|x64.ActiveCfg = Release|Any CPU
		{FDF47D0E-6043-43A5-8DBD-55CEA96622AB}.Release|x64.Build.0 = Release|Any CPU
		{FDF47D0E-6043-43A5-8DBD-55CEA96622AB}.Release|x86.ActiveCfg = Release|Any CPU
		{FDF47D0E-6043-43A5-8DBD-55CEA96622AB}.Release|x86.Build.0 = Release|Any CPU
		{912E02A3-CE0F-4C0B-8FE9-3FE3670E9E0B}.Debug|Any CPU.ActiveCfg = Debug|Any CPU
		{912E02A3-CE0F-4C0B-8FE9-3FE3670E9E0B}.Debug|Any CPU.Build.0 = Debug|Any CPU
		{912E02A3-CE0F-4C0B-8FE9-3FE3670E9E0B}.Debug|x64.ActiveCfg = Debug|Any CPU
		{912E02A3-CE0F-4C0B-8FE9-3FE3670E9E0B}.Debug|x64.Build.0 = Debug|Any CPU
		{912E02A3-CE0F-4C0B-8FE9-3FE3670E9E0B}.Debug|x86.ActiveCfg = Debug|Any CPU
		{912E02A3-CE0F-4C0B-8FE9-3FE3670E9E0B}.Debug|x86.Build.0 = Debug|Any CPU
		{912E02A3-CE0F-4C0B-8FE9-3FE3670E9E0B}.Release|Any CPU.ActiveCfg = Release|Any CPU
		{912E02A3-CE0F-4C0B-8FE9-3FE3670E9E0B}.Release|Any CPU.Build.0 = Release|Any CPU
		{912E02A3-CE0F-4C0B-8FE9-3FE3670E9E0B}.Release|x64.ActiveCfg = Release|Any CPU
		{912E02A3-CE0F-4C0B-8FE9-3FE3670E9E0B}.Release|x64.Build.0 = Release|Any CPU
		{912E02A3-CE0F-4C0B-8FE9-3FE3670E9E0B}.Release|x86.ActiveCfg = Release|Any CPU
		{912E02A3-CE0F-4C0B-8FE9-3FE3670E9E0B}.Release|x86.Build.0 = Release|Any CPU
		{20D1669A-0A3A-4948-B542-45F04548E052}.Debug|Any CPU.ActiveCfg = Debug|Any CPU
		{20D1669A-0A3A-4948-B542-45F04548E052}.Debug|Any CPU.Build.0 = Debug|Any CPU
		{20D1669A-0A3A-4948-B542-45F04548E052}.Debug|x64.ActiveCfg = Debug|Any CPU
		{20D1669A-0A3A-4948-B542-45F04548E052}.Debug|x64.Build.0 = Debug|Any CPU
		{20D1669A-0A3A-4948-B542-45F04548E052}.Debug|x86.ActiveCfg = Debug|Any CPU
		{20D1669A-0A3A-4948-B542-45F04548E052}.Debug|x86.Build.0 = Debug|Any CPU
		{20D1669A-0A3A-4948-B542-45F04548E052}.Release|Any CPU.ActiveCfg = Release|Any CPU
		{20D1669A-0A3A-4948-B542-45F04548E052}.Release|Any CPU.Build.0 = Release|Any CPU
		{20D1669A-0A3A-4948-B542-45F04548E052}.Release|x64.ActiveCfg = Release|Any CPU
		{20D1669A-0A3A-4948-B542-45F04548E052}.Release|x64.Build.0 = Release|Any CPU
		{20D1669A-0A3A-4948-B542-45F04548E052}.Release|x86.ActiveCfg = Release|Any CPU
		{20D1669A-0A3A-4948-B542-45F04548E052}.Release|x86.Build.0 = Release|Any CPU
		{01B7AD98-2AE7-49D0-B035-E360D2E724C4}.Debug|Any CPU.ActiveCfg = Debug|Any CPU
		{01B7AD98-2AE7-49D0-B035-E360D2E724C4}.Debug|Any CPU.Build.0 = Debug|Any CPU
		{01B7AD98-2AE7-49D0-B035-E360D2E724C4}.Debug|x64.ActiveCfg = Debug|Any CPU
		{01B7AD98-2AE7-49D0-B035-E360D2E724C4}.Debug|x64.Build.0 = Debug|Any CPU
		{01B7AD98-2AE7-49D0-B035-E360D2E724C4}.Debug|x86.ActiveCfg = Debug|Any CPU
		{01B7AD98-2AE7-49D0-B035-E360D2E724C4}.Debug|x86.Build.0 = Debug|Any CPU
		{01B7AD98-2AE7-49D0-B035-E360D2E724C4}.Release|Any CPU.ActiveCfg = Release|Any CPU
		{01B7AD98-2AE7-49D0-B035-E360D2E724C4}.Release|Any CPU.Build.0 = Release|Any CPU
		{01B7AD98-2AE7-49D0-B035-E360D2E724C4}.Release|x64.ActiveCfg = Release|Any CPU
		{01B7AD98-2AE7-49D0-B035-E360D2E724C4}.Release|x64.Build.0 = Release|Any CPU
		{01B7AD98-2AE7-49D0-B035-E360D2E724C4}.Release|x86.ActiveCfg = Release|Any CPU
		{01B7AD98-2AE7-49D0-B035-E360D2E724C4}.Release|x86.Build.0 = Release|Any CPU
		{D55B1610-B558-447F-9647-A9658E72F95F}.Debug|Any CPU.ActiveCfg = Debug|Any CPU
		{D55B1610-B558-447F-9647-A9658E72F95F}.Debug|Any CPU.Build.0 = Debug|Any CPU
		{D55B1610-B558-447F-9647-A9658E72F95F}.Debug|x64.ActiveCfg = Debug|Any CPU
		{D55B1610-B558-447F-9647-A9658E72F95F}.Debug|x64.Build.0 = Debug|Any CPU
		{D55B1610-B558-447F-9647-A9658E72F95F}.Debug|x86.ActiveCfg = Debug|Any CPU
		{D55B1610-B558-447F-9647-A9658E72F95F}.Debug|x86.Build.0 = Debug|Any CPU
		{D55B1610-B558-447F-9647-A9658E72F95F}.Release|Any CPU.ActiveCfg = Release|Any CPU
		{D55B1610-B558-447F-9647-A9658E72F95F}.Release|Any CPU.Build.0 = Release|Any CPU
		{D55B1610-B558-447F-9647-A9658E72F95F}.Release|x64.ActiveCfg = Release|Any CPU
		{D55B1610-B558-447F-9647-A9658E72F95F}.Release|x64.Build.0 = Release|Any CPU
		{D55B1610-B558-447F-9647-A9658E72F95F}.Release|x86.ActiveCfg = Release|Any CPU
		{D55B1610-B558-447F-9647-A9658E72F95F}.Release|x86.Build.0 = Release|Any CPU
	EndGlobalSection
	GlobalSection(SolutionProperties) = preSolution
		HideSolutionNode = FALSE
	EndGlobalSection
	GlobalSection(NestedProjects) = preSolution
		{8CBA8331-6C61-4862-BFCD-18EBBE5A16E0} = {2C1F3553-9B95-43AA-91C1-FEDDC9B6AEEB}
		{41C6463C-8564-4D75-9072-44D0E5662A2E} = {2C1F3553-9B95-43AA-91C1-FEDDC9B6AEEB}
		{8FA3324D-87C4-49FC-BE82-18E387EAEBA4} = {2C1F3553-9B95-43AA-91C1-FEDDC9B6AEEB}
		{34D597F4-3687-4708-BC07-7F034A5E43D2} = {2C1F3553-9B95-43AA-91C1-FEDDC9B6AEEB}
		{DEB5FD7B-A5CA-4576-B3E0-2677784C0E03} = {34D597F4-3687-4708-BC07-7F034A5E43D2}
		{FDF47D0E-6043-43A5-8DBD-55CEA96622AB} = {34D597F4-3687-4708-BC07-7F034A5E43D2}
		{912E02A3-CE0F-4C0B-8FE9-3FE3670E9E0B} = {34D597F4-3687-4708-BC07-7F034A5E43D2}
		{20D1669A-0A3A-4948-B542-45F04548E052} = {34D597F4-3687-4708-BC07-7F034A5E43D2}
		{01B7AD98-2AE7-49D0-B035-E360D2E724C4} = {2C1F3553-9B95-43AA-91C1-FEDDC9B6AEEB}
		{D55B1610-B558-447F-9647-A9658E72F95F} = {2C1F3553-9B95-43AA-91C1-FEDDC9B6AEEB}
	EndGlobalSection
	GlobalSection(ExtensibilityGlobals) = postSolution
		SolutionGuid = {0D2A0DBB-978E-4831-94B6-A3F9C2D66608}
	EndGlobalSection
EndGlobal
